
Microsoft Visual Studio Solution File, Format Version 12.00
# Visual Studio 15
VisualStudioVersion = 15.0.27130.2027
MinimumVisualStudioVersion = 10.0.40219.1
Project("{8BC9CEB8-8B4A-11D0-8D11-00A0C91BC942}") = "Compresor de Archivos", "Compresor de Archivos\Compresor de Archivos.vcxproj", "{F2764D84-51A3-4AD9-B8D8-BD1C1D3AF316}"
EndProject
Global
	GlobalSection(SolutionConfigurationPlatforms) = preSolution
		Debug|x64 = Debug|x64
		Debug|x86 = Debug|x86
		Release|x64 = Release|x64
		Release|x86 = Release|x86
	EndGlobalSection
	GlobalSection(ProjectConfigurationPlatforms) = postSolution
		{F2764D84-51A3-4AD9-B8D8-BD1C1D3AF316}.Debug|x64.ActiveCfg = Debug|x64
		{F2764D84-51A3-4AD9-B8D8-BD1C1D3AF316}.Debug|x64.Build.0 = Debug|x64
		{F2764D84-51A3-4AD9-B8D8-BD1C1D3AF316}.Debug|x86.ActiveCfg = Debug|Win32
		{F2764D84-51A3-4AD9-B8D8-BD1C1D3AF316}.Debug|x86.Build.0 = Debug|Win32
		{F2764D84-51A3-4AD9-B8D8-BD1C1D3AF316}.Release|x64.ActiveCfg = Release|x64
		{F2764D84-51A3-4AD9-B8D8-BD1C1D3AF316}.Release|x64.Build.0 = Release|x64
		{F2764D84-51A3-4AD9-B8D8-BD1C1D3AF316}.Release|x86.ActiveCfg = Release|Win32
		{F2764D84-51A3-4AD9-B8D8-BD1C1D3AF316}.Release|x86.Build.0 = Release|Win32
	EndGlobalSection
	GlobalSection(SolutionProperties) = preSolution
		HideSolutionNode = FALSE
	EndGlobalSection
	GlobalSection(ExtensibilityGlobals) = postSolution
		SolutionGuid = {6BEE366C-F755-4BCF-B86A-30F5926EA165}
	EndGlobalSection
EndGlobal
